
Microsoft Visual Studio Solution File, Format Version 12.00
# Visual Studio Version 17
VisualStudioVersion = 17.8.34316.72
MinimumVisualStudioVersion = 10.0.40219.1
Project("{FAE04EC0-301F-11D3-BF4B-00C04F79EFBC}") = "FinBudget.WindowsApp", "FinBudget.WindowsApp\FinBudget.WindowsApp.csproj", "{D056934C-3873-4DFB-A8FA-1DD9A592480F}"
EndProject
Project("{FAE04EC0-301F-11D3-BF4B-00C04F79EFBC}") = "FinBudget.TestingConsole", "FinBudget.TestingConsole\FinBudget.TestingConsole.csproj", "{8C12D17A-1C2C-4CE1-B9CB-F761EC55F283}"
EndProject
Project("{FAE04EC0-301F-11D3-BF4B-00C04F79EFBC}") = "FinBudget.Repository", "FinBudget.Repository\FinBudget.Repository.csproj", "{8179F2F0-DE79-4479-91EF-42EA6DBA1C13}"
EndProject
Global
	GlobalSection(SolutionConfigurationPlatforms) = preSolution
		Debug|Any CPU = Debug|Any CPU
		Release|Any CPU = Release|Any CPU
	EndGlobalSection
	GlobalSection(ProjectConfigurationPlatforms) = postSolution
		{D056934C-3873-4DFB-A8FA-1DD9A592480F}.Debug|Any CPU.ActiveCfg = Debug|Any CPU
		{D056934C-3873-4DFB-A8FA-1DD9A592480F}.Debug|Any CPU.Build.0 = Debug|Any CPU
		{D056934C-3873-4DFB-A8FA-1DD9A592480F}.Release|Any CPU.ActiveCfg = Release|Any CPU
		{D056934C-3873-4DFB-A8FA-1DD9A592480F}.Release|Any CPU.Build.0 = Release|Any CPU
		{8C12D17A-1C2C-4CE1-B9CB-F761EC55F283}.Debug|Any CPU.ActiveCfg = Debug|Any CPU
		{8C12D17A-1C2C-4CE1-B9CB-F761EC55F283}.Debug|Any CPU.Build.0 = Debug|Any CPU
		{8C12D17A-1C2C-4CE1-B9CB-F761EC55F283}.Release|Any CPU.ActiveCfg = Release|Any CPU
		{8C12D17A-1C2C-4CE1-B9CB-F761EC55F283}.Release|Any CPU.Build.0 = Release|Any CPU
		{8179F2F0-DE79-4479-91EF-42EA6DBA1C13}.Debug|Any CPU.ActiveCfg = Debug|Any CPU
		{8179F2F0-DE79-4479-91EF-42EA6DBA1C13}.Debug|Any CPU.Build.0 = Debug|Any CPU
		{8179F2F0-DE79-4479-91EF-42EA6DBA1C13}.Release|Any CPU.ActiveCfg = Release|Any CPU
		{8179F2F0-DE79-4479-91EF-42EA6DBA1C13}.Release|Any CPU.Build.0 = Release|Any CPU
	EndGlobalSection
	GlobalSection(SolutionProperties) = preSolution
		HideSolutionNode = FALSE
	EndGlobalSection
	GlobalSection(ExtensibilityGlobals) = postSolution
		SolutionGuid = {99094F39-F451-4F4B-976A-BD76DFAD700A}
	EndGlobalSection
EndGlobal
